
Microsoft Visual Studio Solution File, Format Version 12.00
# Visual Studio Version 16
VisualStudioVersion = 16.0.30804.86
MinimumVisualStudioVersion = 10.0.40219.1
Project("{FAE04EC0-301F-11D3-BF4B-00C04F79EFBC}") = "EtaPersone", "EtaPersone\EtaPersone.csproj", "{2DE949FF-9135-45A2-A56B-B8E1B35CFD90}"
EndProject
Project("{FAE04EC0-301F-11D3-BF4B-00C04F79EFBC}") = "LibreriaArray_Eta", "LibreriaArray_Eta\LibreriaArray_Eta.csproj", "{147AEE54-3739-4796-9801-D4205F337522}"
EndProject
Global
	GlobalSection(SolutionConfigurationPlatforms) = preSolution
		Debug|Any CPU = Debug|Any CPU
		Release|Any CPU = Release|Any CPU
	EndGlobalSection
	GlobalSection(ProjectConfigurationPlatforms) = postSolution
		{2DE949FF-9135-45A2-A56B-B8E1B35CFD90}.Debug|Any CPU.ActiveCfg = Debug|Any CPU
		{2DE949FF-9135-45A2-A56B-B8E1B35CFD90}.Debug|Any CPU.Build.0 = Debug|Any CPU
		{2DE949FF-9135-45A2-A56B-B8E1B35CFD90}.Release|Any CPU.ActiveCfg = Release|Any CPU
		{2DE949FF-9135-45A2-A56B-B8E1B35CFD90}.Release|Any CPU.Build.0 = Release|Any CPU
		{147AEE54-3739-4796-9801-D4205F337522}.Debug|Any CPU.ActiveCfg = Debug|Any CPU
		{147AEE54-3739-4796-9801-D4205F337522}.Debug|Any CPU.Build.0 = Debug|Any CPU
		{147AEE54-3739-4796-9801-D4205F337522}.Release|Any CPU.ActiveCfg = Release|Any CPU
		{147AEE54-3739-4796-9801-D4205F337522}.Release|Any CPU.Build.0 = Release|Any CPU
	EndGlobalSection
	GlobalSection(SolutionProperties) = preSolution
		HideSolutionNode = FALSE
	EndGlobalSection
	GlobalSection(ExtensibilityGlobals) = postSolution
		SolutionGuid = {37D098C6-0E2D-4C56-9F61-112026329CF2}
	EndGlobalSection
EndGlobal
